
Microsoft Visual Studio Solution File, Format Version 12.00
# Visual Studio Version 17
VisualStudioVersion = 17.6.33801.468
MinimumVisualStudioVersion = 10.0.40219.1
Project("{FAE04EC0-301F-11D3-BF4B-00C04F79EFBC}") = "FishTankConsole", "FishTankConsole\FishTankConsole.csproj", "{BECA0FE6-E436-4E18-9CC6-E314E29BDC9D}"
EndProject
Global
	GlobalSection(SolutionConfigurationPlatforms) = preSolution
		Debug|Any CPU = Debug|Any CPU
		Release|Any CPU = Release|Any CPU
	EndGlobalSection
	GlobalSection(ProjectConfigurationPlatforms) = postSolution
		{BECA0FE6-E436-4E18-9CC6-E314E29BDC9D}.Debug|Any CPU.ActiveCfg = Debug|Any CPU
		{BECA0FE6-E436-4E18-9CC6-E314E29BDC9D}.Debug|Any CPU.Build.0 = Debug|Any CPU
		{BECA0FE6-E436-4E18-9CC6-E314E29BDC9D}.Release|Any CPU.ActiveCfg = Release|Any CPU
		{BECA0FE6-E436-4E18-9CC6-E314E29BDC9D}.Release|Any CPU.Build.0 = Release|Any CPU
	EndGlobalSection
	GlobalSection(SolutionProperties) = preSolution
		HideSolutionNode = FALSE
	EndGlobalSection
	GlobalSection(ExtensibilityGlobals) = postSolution
		SolutionGuid = {1D8A1492-52C2-425A-86C6-2CAD864AAD1F}
	EndGlobalSection
EndGlobal
